
Microsoft Visual Studio Solution File, Format Version 12.00
# Visual Studio 14
VisualStudioVersion = 14.0.25420.1
MinimumVisualStudioVersion = 10.0.40219.1
Project("{8BC9CEB8-8B4A-11D0-8D11-00A0C91BC942}") = "Win7Debug", "Win7Debug\Win7Debug.vcxproj", "{5398E012-33E9-4FC3-B857-EAB64987A8EC}"
EndProject
Project("{8BC9CEB8-8B4A-11D0-8D11-00A0C91BC942}") = "PsNotify", "PsNotify\PsNotify.vcxproj", "{89387CAE-3762-41A2-B921-3B615307A0BF}"
EndProject
Project("{8BC9CEB8-8B4A-11D0-8D11-00A0C91BC942}") = "ModuleNotify", "ModuleNotify\ModuleNotify.vcxproj", "{DED9A722-5432-4612-8D83-F2B14F6C982D}"
EndProject
Project("{8BC9CEB8-8B4A-11D0-8D11-00A0C91BC942}") = "HandleNotify", "HandleNotify\HandleNotify.vcxproj", "{803EFDDC-F5EA-4687-8DF0-8F4FB438429F}"
EndProject
Project("{8BC9CEB8-8B4A-11D0-8D11-00A0C91BC942}") = "tpWindbgWin7x64", "tpWindbgWin7x64\tpWindbgWin7x64.vcxproj", "{17E34D02-C6C7-46C7-8EC5-B68B74DC109B}"
EndProject
Global
	GlobalSection(SolutionConfigurationPlatforms) = preSolution
		Debug|ARM = Debug|ARM
		Debug|ARM64 = Debug|ARM64
		Debug|x64 = Debug|x64
		Debug|x86 = Debug|x86
		Release|ARM = Release|ARM
		Release|ARM64 = Release|ARM64
		Release|x64 = Release|x64
		Release|x86 = Release|x86
	EndGlobalSection
	GlobalSection(ProjectConfigurationPlatforms) = postSolution
		{5398E012-33E9-4FC3-B857-EAB64987A8EC}.Debug|ARM.ActiveCfg = Debug|ARM
		{5398E012-33E9-4FC3-B857-EAB64987A8EC}.Debug|ARM.Build.0 = Debug|ARM
		{5398E012-33E9-4FC3-B857-EAB64987A8EC}.Debug|ARM.Deploy.0 = Debug|ARM
		{5398E012-33E9-4FC3-B857-EAB64987A8EC}.Debug|ARM64.ActiveCfg = Debug|ARM64
		{5398E012-33E9-4FC3-B857-EAB64987A8EC}.Debug|ARM64.Build.0 = Debug|ARM64
		{5398E012-33E9-4FC3-B857-EAB64987A8EC}.Debug|ARM64.Deploy.0 = Debug|ARM64
		{5398E012-33E9-4FC3-B857-EAB64987A8EC}.Debug|x64.ActiveCfg = Debug|x64
		{5398E012-33E9-4FC3-B857-EAB64987A8EC}.Debug|x64.Build.0 = Debug|x64
		{5398E012-33E9-4FC3-B857-EAB64987A8EC}.Debug|x64.Deploy.0 = Debug|x64
		{5398E012-33E9-4FC3-B857-EAB64987A8EC}.Debug|x86.ActiveCfg = Debug|Win32
		{5398E012-33E9-4FC3-B857-EAB64987A8EC}.Debug|x86.Build.0 = Debug|Win32
		{5398E012-33E9-4FC3-B857-EAB64987A8EC}.Debug|x86.Deploy.0 = Debug|Win32
		{5398E012-33E9-4FC3-B857-EAB64987A8EC}.Release|ARM.ActiveCfg = Release|ARM
		{5398E012-33E9-4FC3-B857-EAB64987A8EC}.Release|ARM.Build.0 = Release|ARM
		{5398E012-33E9-4FC3-B857-EAB64987A8EC}.Release|ARM.Deploy.0 = Release|ARM
		{5398E012-33E9-4FC3-B857-EAB64987A8EC}.Release|ARM64.ActiveCfg = Release|ARM64
		{5398E012-33E9-4FC3-B857-EAB64987A8EC}.Release|ARM64.Build.0 = Release|ARM64
		{5398E012-33E9-4FC3-B857-EAB64987A8EC}.Release|ARM64.Deploy.0 = Release|ARM64
		{5398E012-33E9-4FC3-B857-EAB64987A8EC}.Release|x64.ActiveCfg = Release|x64
		{5398E012-33E9-4FC3-B857-EAB64987A8EC}.Release|x64.Build.0 = Release|x64
		{5398E012-33E9-4FC3-B857-EAB64987A8EC}.Release|x64.Deploy.0 = Release|x64
		{5398E012-33E9-4FC3-B857-EAB64987A8EC}.Release|x86.ActiveCfg = Release|Win32
		{5398E012-33E9-4FC3-B857-EAB64987A8EC}.Release|x86.Build.0 = Release|Win32
		{5398E012-33E9-4FC3-B857-EAB64987A8EC}.Release|x86.Deploy.0 = Release|Win32
		{89387CAE-3762-41A2-B921-3B615307A0BF}.Debug|ARM.ActiveCfg = Debug|ARM
		{89387CAE-3762-41A2-B921-3B615307A0BF}.Debug|ARM.Build.0 = Debug|ARM
		{89387CAE-3762-41A2-B921-3B615307A0BF}.Debug|ARM.Deploy.0 = Debug|ARM
		{89387CAE-3762-41A2-B921-3B615307A0BF}.Debug|ARM64.ActiveCfg = Debug|ARM64
		{89387CAE-3762-41A2-B921-3B615307A0BF}.Debug|ARM64.Build.0 = Debug|ARM64
		{89387CAE-3762-41A2-B921-3B615307A0BF}.Debug|ARM64.Deploy.0 = Debug|ARM64
		{89387CAE-3762-41A2-B921-3B615307A0BF}.Debug|x64.ActiveCfg = Debug|x64
		{89387CAE-3762-41A2-B921-3B615307A0BF}.Debug|x64.Build.0 = Debug|x64
		{89387CAE-3762-41A2-B921-3B615307A0BF}.Debug|x64.Deploy.0 = Debug|x64
		{89387CAE-3762-41A2-B921-3B615307A0BF}.Debug|x86.ActiveCfg = Debug|Win32
		{89387CAE-3762-41A2-B921-3B615307A0BF}.Debug|x86.Build.0 = Debug|Win32
		{89387CAE-3762-41A2-B921-3B615307A0BF}.Debug|x86.Deploy.0 = Debug|Win32
		{89387CAE-3762-41A2-B921-3B615307A0BF}.Release|ARM.ActiveCfg = Release|ARM
		{89387CAE-3762-41A2-B921-3B615307A0BF}.Release|ARM.Build.0 = Release|ARM
		{89387CAE-3762-41A2-B921-3B615307A0BF}.Release|ARM.Deploy.0 = Release|ARM
		{89387CAE-3762-41A2-B921-3B615307A0BF}.Release|ARM64.ActiveCfg = Release|ARM64
		{89387CAE-3762-41A2-B921-3B615307A0BF}.Release|ARM64.Build.0 = Release|ARM64
		{89387CAE-3762-41A2-B921-3B615307A0BF}.Release|ARM64.Deploy.0 = Release|ARM64
		{89387CAE-3762-41A2-B921-3B615307A0BF}.Release|x64.ActiveCfg = Release|x64
		{89387CAE-3762-41A2-B921-3B615307A0BF}.Release|x64.Build.0 = Release|x64
		{89387CAE-3762-41A2-B921-3B615307A0BF}.Release|x64.Deploy.0 = Release|x64
		{89387CAE-3762-41A2-B921-3B615307A0BF}.Release|x86.ActiveCfg = Release|Win32
		{89387CAE-3762-41A2-B921-3B615307A0BF}.Release|x86.Build.0 = Release|Win32
		{89387CAE-3762-41A2-B921-3B615307A0BF}.Release|x86.Deploy.0 = Release|Win32
		{DED9A722-5432-4612-8D83-F2B14F6C982D}.Debug|ARM.ActiveCfg = Debug|ARM
		{DED9A722-5432-4612-8D83-F2B14F6C982D}.Debug|ARM.Build.0 = Debug|ARM
		{DED9A722-5432-4612-8D83-F2B14F6C982D}.Debug|ARM.Deploy.0 = Debug|ARM
		{DED9A722-5432-4612-8D83-F2B14F6C982D}.Debug|ARM64.ActiveCfg = Debug|ARM64
		{DED9A722-5432-4612-8D83-F2B14F6C982D}.Debug|ARM64.Build.0 = Debug|ARM64
		{DED9A722-5432-4612-8D83-F2B14F6C982D}.Debug|ARM64.Deploy.0 = Debug|ARM64
		{DED9A722-5432-4612-8D83-F2B14F6C982D}.Debug|x64.ActiveCfg = Debug|x64
		{DED9A722-5432-4612-8D83-F2B14F6C982D}.Debug|x64.Build.0 = Debug|x64
		{DED9A722-5432-4612-8D83-F2B14F6C982D}.Debug|x64.Deploy.0 = Debug|x64
		{DED9A722-5432-4612-8D83-F2B14F6C982D}.Debug|x86.ActiveCfg = Debug|Win32
		{DED9A722-5432-4612-8D83-F2B14F6C982D}.Debug|x86.Build.0 = Debug|Win32
		{DED9A722-5432-4612-8D83-F2B14F6C982D}.Debug|x86.Deploy.0 = Debug|Win32
		{DED9A722-5432-4612-8D83-F2B14F6C982D}.Release|ARM.ActiveCfg = Release|ARM
		{DED9A722-5432-4612-8D83-F2B14F6C982D}.Release|ARM.Build.0 = Release|ARM
		{DED9A722-5432-4612-8D83-F2B14F6C982D}.Release|ARM.Deploy.0 = Release|ARM
		{DED9A722-5432-4612-8D83-F2B14F6C982D}.Release|ARM64.ActiveCfg = Release|ARM64
		{DED9A722-5432-4612-8D83-F2B14F6C982D}.Release|ARM64.Build.0 = Release|ARM64
		{DED9A722-5432-4612-8D83-F2B14F6C982D}.Release|ARM64.Deploy.0 = Release|ARM64
		{DED9A722-5432-4612-8D83-F2B14F6C982D}.Release|x64.ActiveCfg = Release|x64
		{DED9A722-5432-4612-8D83-F2B14F6C982D}.Release|x64.Build.0 = Release|x64
		{DED9A722-5432-4612-8D83-F2B14F6C982D}.Release|x64.Deploy.0 = Release|x64
		{DED9A722-5432-4612-8D83-F2B14F6C982D}.Release|x86.ActiveCfg = Release|Win32
		{DED9A722-5432-4612-8D83-F2B14F6C982D}.Release|x86.Build.0 = Release|Win32
		{DED9A722-5432-4612-8D83-F2B14F6C982D}.Release|x86.Deploy.0 = Release|Win32
		{803EFDDC-F5EA-4687-8DF0-8F4FB438429F}.Debug|ARM.ActiveCfg = Debug|ARM
		{803EFDDC-F5EA-4687-8DF0-8F4FB438429F}.Debug|ARM.Build.0 = Debug|ARM
		{803EFDDC-F5EA-4687-8DF0-8F4FB438429F}.Debug|ARM.Deploy.0 = Debug|ARM
		{803EFDDC-F5EA-4687-8DF0-8F4FB438429F}.Debug|ARM64.ActiveCfg = Debug|ARM64
		{803EFDDC-F5EA-4687-8DF0-8F4FB438429F}.Debug|ARM64.Build.0 = Debug|ARM64
		{803EFDDC-F5EA-4687-8DF0-8F4FB438429F}.Debug|ARM64.Deploy.0 = Debug|ARM64
		{803EFDDC-F5EA-4687-8DF0-8F4FB438429F}.Debug|x64.ActiveCfg = Debug|x64
		{803EFDDC-F5EA-4687-8DF0-8F4FB438429F}.Debug|x64.Build.0 = Debug|x64
		{803EFDDC-F5EA-4687-8DF0-8F4FB438429F}.Debug|x64.Deploy.0 = Debug|x64
		{803EFDDC-F5EA-4687-8DF0-8F4FB438429F}.Debug|x86.ActiveCfg = Debug|Win32
		{803EFDDC-F5EA-4687-8DF0-8F4FB438429F}.Debug|x86.Build.0 = Debug|Win32
		{803EFDDC-F5EA-4687-8DF0-8F4FB438429F}.Debug|x86.Deploy.0 = Debug|Win32
		{803EFDDC-F5EA-4687-8DF0-8F4FB438429F}.Release|ARM.ActiveCfg = Release|ARM
		{803EFDDC-F5EA-4687-8DF0-8F4FB438429F}.Release|ARM.Build.0 = Release|ARM
		{803EFDDC-F5EA-4687-8DF0-8F4FB438429F}.Release|ARM.Deploy.0 = Release|ARM
		{803EFDDC-F5EA-4687-8DF0-8F4FB438429F}.Release|ARM64.ActiveCfg = Release|ARM64
		{803EFDDC-F5EA-4687-8DF0-8F4FB438429F}.Release|ARM64.Build.0 = Release|ARM64
		{803EFDDC-F5EA-4687-8DF0-8F4FB438429F}.Release|ARM64.Deploy.0 = Release|ARM64
		{803EFDDC-F5EA-4687-8DF0-8F4FB438429F}.Release|x64.ActiveCfg = Release|x64
		{803EFDDC-F5EA-4687-8DF0-8F4FB438429F}.Release|x64.Build.0 = Release|x64
		{803EFDDC-F5EA-4687-8DF0-8F4FB438429F}.Release|x64.Deploy.0 = Release|x64
		{803EFDDC-F5EA-4687-8DF0-8F4FB438429F}.Release|x86.ActiveCfg = Release|Win32
		{803EFDDC-F5EA-4687-8DF0-8F4FB438429F}.Release|x86.Build.0 = Release|Win32
		{803EFDDC-F5EA-4687-8DF0-8F4FB438429F}.Release|x86.Deploy.0 = Release|Win32
		{17E34D02-C6C7-46C7-8EC5-B68B74DC109B}.Debug|ARM.ActiveCfg = Debug|ARM
		{17E34D02-C6C7-46C7-8EC5-B68B74DC109B}.Debug|ARM.Build.0 = Debug|ARM
		{17E34D02-C6C7-46C7-8EC5-B68B74DC109B}.Debug|ARM.Deploy.0 = Debug|ARM
		{17E34D02-C6C7-46C7-8EC5-B68B74DC109B}.Debug|ARM64.ActiveCfg = Debug|ARM64
		{17E34D02-C6C7-46C7-8EC5-B68B74DC109B}.Debug|ARM64.Build.0 = Debug|ARM64
		{17E34D02-C6C7-46C7-8EC5-B68B74DC109B}.Debug|ARM64.Deploy.0 = Debug|ARM64
		{17E34D02-C6C7-46C7-8EC5-B68B74DC109B}.Debug|x64.ActiveCfg = Debug|x64
		{17E34D02-C6C7-46C7-8EC5-B68B74DC109B}.Debug|x64.Build.0 = Debug|x64
		{17E34D02-C6C7-46C7-8EC5-B68B74DC109B}.Debug|x64.Deploy.0 = Debug|x64
		{17E34D02-C6C7-46C7-8EC5-B68B74DC109B}.Debug|x86.ActiveCfg = Debug|Win32
		{17E34D02-C6C7-46C7-8EC5-B68B74DC109B}.Debug|x86.Build.0 = Debug|Win32
		{17E34D02-C6C7-46C7-8EC5-B68B74DC109B}.Debug|x86.Deploy.0 = Debug|Win32
		{17E34D02-C6C7-46C7-8EC5-B68B74DC109B}.Release|ARM.ActiveCfg = Release|ARM
		{17E34D02-C6C7-46C7-8EC5-B68B74DC109B}.Release|ARM.Build.0 = Release|ARM
		{17E34D02-C6C7-46C7-8EC5-B68B74DC109B}.Release|ARM.Deploy.0 = Release|ARM
		{17E34D02-C6C7-46C7-8EC5-B68B74DC109B}.Release|ARM64.ActiveCfg = Release|ARM64
		{17E34D02-C6C7-46C7-8EC5-B68B74DC109B}.Release|ARM64.Build.0 = Release|ARM64
		{17E34D02-C6C7-46C7-8EC5-B68B74DC109B}.Release|ARM64.Deploy.0 = Release|ARM64
		{17E34D02-C6C7-46C7-8EC5-B68B74DC109B}.Release|x64.ActiveCfg = Release|x64
		{17E34D02-C6C7-46C7-8EC5-B68B74DC109B}.Release|x64.Build.0 = Release|x64
		{17E34D02-C6C7-46C7-8EC5-B68B74DC109B}.Release|x64.Deploy.0 = Release|x64
		{17E34D02-C6C7-46C7-8EC5-B68B74DC109B}.Release|x86.ActiveCfg = Release|Win32
		{17E34D02-C6C7-46C7-8EC5-B68B74DC109B}.Release|x86.Build.0 = Release|Win32
		{17E34D02-C6C7-46C7-8EC5-B68B74DC109B}.Release|x86.Deploy.0 = Release|Win32
	EndGlobalSection
	GlobalSection(SolutionProperties) = preSolution
		HideSolutionNode = FALSE
	EndGlobalSection
EndGlobal
