
Microsoft Visual Studio Solution File, Format Version 12.00
# Visual Studio 14
VisualStudioVersion = 14.0.25420.1
MinimumVisualStudioVersion = 10.0.40219.1
Project("{8BC9CEB8-8B4A-11D0-8D11-00A0C91BC942}") = "test", "test\test.vcxproj", "{E48D5E6D-3D15-403E-A9C6-2D945D9ED44B}"
EndProject
Project("{8BC9CEB8-8B4A-11D0-8D11-00A0C91BC942}") = "test2", "test2\test2.vcxproj", "{A0BEAD2A-78F1-4C38-88CB-0A83370A107B}"
EndProject
Project("{8BC9CEB8-8B4A-11D0-8D11-00A0C91BC942}") = "test3", "test3\test3.vcxproj", "{1BE2F2E6-AB3E-48A5-B4AD-533F2EE4FBA9}"
EndProject
Project("{8BC9CEB8-8B4A-11D0-8D11-00A0C91BC942}") = "test4", "test4\test4.vcxproj", "{6DDE4A07-B93B-4525-83DE-31E91C402C60}"
EndProject
Project("{8BC9CEB8-8B4A-11D0-8D11-00A0C91BC942}") = "test5", "test5\test5.vcxproj", "{F914A653-DF80-4B05-99A7-D83F034C062A}"
EndProject
Project("{8BC9CEB8-8B4A-11D0-8D11-00A0C91BC942}") = "test6", "test6\test6.vcxproj", "{C834EAAC-9942-46A8-8C6A-1F0D6CAAB073}"
EndProject
Project("{8BC9CEB8-8B4A-11D0-8D11-00A0C91BC942}") = "test7.cpp", "test7.cpp\test7.cpp.vcxproj", "{021FF046-487F-4D9B-B14A-8B9CD75D9ED9}"
EndProject
Project("{8BC9CEB8-8B4A-11D0-8D11-00A0C91BC942}") = "test8", "test8\test8.vcxproj", "{12CC2809-04E4-4BA9-8A06-9BE0EB5743C7}"
EndProject
Project("{8BC9CEB8-8B4A-11D0-8D11-00A0C91BC942}") = "test9", "test9\test9.vcxproj", "{333B4663-5070-4225-910D-F98771C852D9}"
EndProject
Global
	GlobalSection(SolutionConfigurationPlatforms) = preSolution
		Debug|x64 = Debug|x64
		Debug|x86 = Debug|x86
		Release|x64 = Release|x64
		Release|x86 = Release|x86
	EndGlobalSection
	GlobalSection(ProjectConfigurationPlatforms) = postSolution
		{E48D5E6D-3D15-403E-A9C6-2D945D9ED44B}.Debug|x64.ActiveCfg = Debug|x64
		{E48D5E6D-3D15-403E-A9C6-2D945D9ED44B}.Debug|x64.Build.0 = Debug|x64
		{E48D5E6D-3D15-403E-A9C6-2D945D9ED44B}.Debug|x86.ActiveCfg = Debug|Win32
		{E48D5E6D-3D15-403E-A9C6-2D945D9ED44B}.Debug|x86.Build.0 = Debug|Win32
		{E48D5E6D-3D15-403E-A9C6-2D945D9ED44B}.Release|x64.ActiveCfg = Release|x64
		{E48D5E6D-3D15-403E-A9C6-2D945D9ED44B}.Release|x64.Build.0 = Release|x64
		{E48D5E6D-3D15-403E-A9C6-2D945D9ED44B}.Release|x86.ActiveCfg = Release|Win32
		{E48D5E6D-3D15-403E-A9C6-2D945D9ED44B}.Release|x86.Build.0 = Release|Win32
		{A0BEAD2A-78F1-4C38-88CB-0A83370A107B}.Debug|x64.ActiveCfg = Debug|x64
		{A0BEAD2A-78F1-4C38-88CB-0A83370A107B}.Debug|x64.Build.0 = Debug|x64
		{A0BEAD2A-78F1-4C38-88CB-0A83370A107B}.Debug|x86.ActiveCfg = Debug|Win32
		{A0BEAD2A-78F1-4C38-88CB-0A83370A107B}.Debug|x86.Build.0 = Debug|Win32
		{A0BEAD2A-78F1-4C38-88CB-0A83370A107B}.Release|x64.ActiveCfg = Release|x64
		{A0BEAD2A-78F1-4C38-88CB-0A83370A107B}.Release|x64.Build.0 = Release|x64
		{A0BEAD2A-78F1-4C38-88CB-0A83370A107B}.Release|x86.ActiveCfg = Release|Win32
		{A0BEAD2A-78F1-4C38-88CB-0A83370A107B}.Release|x86.Build.0 = Release|Win32
		{1BE2F2E6-AB3E-48A5-B4AD-533F2EE4FBA9}.Debug|x64.ActiveCfg = Debug|x64
		{1BE2F2E6-AB3E-48A5-B4AD-533F2EE4FBA9}.Debug|x64.Build.0 = Debug|x64
		{1BE2F2E6-AB3E-48A5-B4AD-533F2EE4FBA9}.Debug|x86.ActiveCfg = Debug|Win32
		{1BE2F2E6-AB3E-48A5-B4AD-533F2EE4FBA9}.Debug|x86.Build.0 = Debug|Win32
		{1BE2F2E6-AB3E-48A5-B4AD-533F2EE4FBA9}.Release|x64.ActiveCfg = Release|x64
		{1BE2F2E6-AB3E-48A5-B4AD-533F2EE4FBA9}.Release|x64.Build.0 = Release|x64
		{1BE2F2E6-AB3E-48A5-B4AD-533F2EE4FBA9}.Release|x86.ActiveCfg = Release|Win32
		{1BE2F2E6-AB3E-48A5-B4AD-533F2EE4FBA9}.Release|x86.Build.0 = Release|Win32
		{6DDE4A07-B93B-4525-83DE-31E91C402C60}.Debug|x64.ActiveCfg = Debug|x64
		{6DDE4A07-B93B-4525-83DE-31E91C402C60}.Debug|x64.Build.0 = Debug|x64
		{6DDE4A07-B93B-4525-83DE-31E91C402C60}.Debug|x86.ActiveCfg = Debug|Win32
		{6DDE4A07-B93B-4525-83DE-31E91C402C60}.Debug|x86.Build.0 = Debug|Win32
		{6DDE4A07-B93B-4525-83DE-31E91C402C60}.Release|x64.ActiveCfg = Release|x64
		{6DDE4A07-B93B-4525-83DE-31E91C402C60}.Release|x64.Build.0 = Release|x64
		{6DDE4A07-B93B-4525-83DE-31E91C402C60}.Release|x86.ActiveCfg = Release|Win32
		{6DDE4A07-B93B-4525-83DE-31E91C402C60}.Release|x86.Build.0 = Release|Win32
		{F914A653-DF80-4B05-99A7-D83F034C062A}.Debug|x64.ActiveCfg = Debug|x64
		{F914A653-DF80-4B05-99A7-D83F034C062A}.Debug|x64.Build.0 = Debug|x64
		{F914A653-DF80-4B05-99A7-D83F034C062A}.Debug|x86.ActiveCfg = Debug|Win32
		{F914A653-DF80-4B05-99A7-D83F034C062A}.Debug|x86.Build.0 = Debug|Win32
		{F914A653-DF80-4B05-99A7-D83F034C062A}.Release|x64.ActiveCfg = Release|x64
		{F914A653-DF80-4B05-99A7-D83F034C062A}.Release|x64.Build.0 = Release|x64
		{F914A653-DF80-4B05-99A7-D83F034C062A}.Release|x86.ActiveCfg = Release|Win32
		{F914A653-DF80-4B05-99A7-D83F034C062A}.Release|x86.Build.0 = Release|Win32
		{C834EAAC-9942-46A8-8C6A-1F0D6CAAB073}.Debug|x64.ActiveCfg = Debug|x64
		{C834EAAC-9942-46A8-8C6A-1F0D6CAAB073}.Debug|x64.Build.0 = Debug|x64
		{C834EAAC-9942-46A8-8C6A-1F0D6CAAB073}.Debug|x86.ActiveCfg = Debug|Win32
		{C834EAAC-9942-46A8-8C6A-1F0D6CAAB073}.Debug|x86.Build.0 = Debug|Win32
		{C834EAAC-9942-46A8-8C6A-1F0D6CAAB073}.Release|x64.ActiveCfg = Release|x64
		{C834EAAC-9942-46A8-8C6A-1F0D6CAAB073}.Release|x64.Build.0 = Release|x64
		{C834EAAC-9942-46A8-8C6A-1F0D6CAAB073}.Release|x86.ActiveCfg = Release|Win32
		{C834EAAC-9942-46A8-8C6A-1F0D6CAAB073}.Release|x86.Build.0 = Release|Win32
		{021FF046-487F-4D9B-B14A-8B9CD75D9ED9}.Debug|x64.ActiveCfg = Debug|x64
		{021FF046-487F-4D9B-B14A-8B9CD75D9ED9}.Debug|x64.Build.0 = Debug|x64
		{021FF046-487F-4D9B-B14A-8B9CD75D9ED9}.Debug|x86.ActiveCfg = Debug|Win32
		{021FF046-487F-4D9B-B14A-8B9CD75D9ED9}.Debug|x86.Build.0 = Debug|Win32
		{021FF046-487F-4D9B-B14A-8B9CD75D9ED9}.Release|x64.ActiveCfg = Release|x64
		{021FF046-487F-4D9B-B14A-8B9CD75D9ED9}.Release|x64.Build.0 = Release|x64
		{021FF046-487F-4D9B-B14A-8B9CD75D9ED9}.Release|x86.ActiveCfg = Release|Win32
		{021FF046-487F-4D9B-B14A-8B9CD75D9ED9}.Release|x86.Build.0 = Release|Win32
		{12CC2809-04E4-4BA9-8A06-9BE0EB5743C7}.Debug|x64.ActiveCfg = Debug|x64
		{12CC2809-04E4-4BA9-8A06-9BE0EB5743C7}.Debug|x64.Build.0 = Debug|x64
		{12CC2809-04E4-4BA9-8A06-9BE0EB5743C7}.Debug|x86.ActiveCfg = Debug|Win32
		{12CC2809-04E4-4BA9-8A06-9BE0EB5743C7}.Debug|x86.Build.0 = Debug|Win32
		{12CC2809-04E4-4BA9-8A06-9BE0EB5743C7}.Release|x64.ActiveCfg = Release|x64
		{12CC2809-04E4-4BA9-8A06-9BE0EB5743C7}.Release|x64.Build.0 = Release|x64
		{12CC2809-04E4-4BA9-8A06-9BE0EB5743C7}.Release|x86.ActiveCfg = Release|Win32
		{12CC2809-04E4-4BA9-8A06-9BE0EB5743C7}.Release|x86.Build.0 = Release|Win32
		{333B4663-5070-4225-910D-F98771C852D9}.Debug|x64.ActiveCfg = Debug|x64
		{333B4663-5070-4225-910D-F98771C852D9}.Debug|x64.Build.0 = Debug|x64
		{333B4663-5070-4225-910D-F98771C852D9}.Debug|x86.ActiveCfg = Debug|Win32
		{333B4663-5070-4225-910D-F98771C852D9}.Debug|x86.Build.0 = Debug|Win32
		{333B4663-5070-4225-910D-F98771C852D9}.Release|x64.ActiveCfg = Release|x64
		{333B4663-5070-4225-910D-F98771C852D9}.Release|x64.Build.0 = Release|x64
		{333B4663-5070-4225-910D-F98771C852D9}.Release|x86.ActiveCfg = Release|Win32
		{333B4663-5070-4225-910D-F98771C852D9}.Release|x86.Build.0 = Release|Win32
	EndGlobalSection
	GlobalSection(SolutionProperties) = preSolution
		HideSolutionNode = FALSE
	EndGlobalSection
EndGlobal
